// !$*UTF8*$!
{
	archiveVersion = 1;
	classes = {
	};
	objectVersion = 52;
	objects = {

/* Begin PBXBuildFile section */
		9123766D245B1725000C15DB /* CSR_testTests.swift in Sources */ = {isa = PBXBuildFile; fileRef = 9123766C245B1725000C15DB /* CSR_testTests.swift */; };
		91595685245B418000829AF3 /* CertificateSigningRequest in Frameworks */ = {isa = PBXBuildFile; productRef = 91595684245B418000829AF3 /* CertificateSigningRequest */; };
		919EAAB01F7CB28F00D1AE93 /* AppDelegate.swift in Sources */ = {isa = PBXBuildFile; fileRef = 919EAAAF1F7CB28F00D1AE93 /* AppDelegate.swift */; };
		919EAAB21F7CB28F00D1AE93 /* ViewController.swift in Sources */ = {isa = PBXBuildFile; fileRef = 919EAAB11F7CB28F00D1AE93 /* ViewController.swift */; };
		919EAAB51F7CB28F00D1AE93 /* Main.storyboard in Resources */ = {isa = PBXBuildFile; fileRef = 919EAAB31F7CB28F00D1AE93 /* Main.storyboard */; };
		919EAAB71F7CB28F00D1AE93 /* Assets.xcassets in Resources */ = {isa = PBXBuildFile; fileRef = 919EAAB61F7CB28F00D1AE93 /* Assets.xcassets */; };
		919EAABA1F7CB28F00D1AE93 /* LaunchScreen.storyboard in Resources */ = {isa = PBXBuildFile; fileRef = 919EAAB81F7CB28F00D1AE93 /* LaunchScreen.storyboard */; };
/* End PBXBuildFile section */

/* Begin PBXContainerItemProxy section */
		9123766F245B1725000C15DB /* PBXContainerItemProxy */ = {
			isa = PBXContainerItemProxy;
			containerPortal = 919EAAA41F7CB28F00D1AE93 /* Project object */;
			proxyType = 1;
			remoteGlobalIDString = 919EAAAB1F7CB28F00D1AE93;
			remoteInfo = CSR_test;
		};
/* End PBXContainerItemProxy section */

/* Begin PBXCopyFilesBuildPhase section */
		919EAACC1F7CB4EF00D1AE93 /* Embed Frameworks */ = {
			isa = PBXCopyFilesBuildPhase;
			buildActionMask = 2147483647;
			dstPath = "";
			dstSubfolderSpec = 10;
			files = (
			);
			name = "Embed Frameworks";
			runOnlyForDeploymentPostprocessing = 0;
		};
/* End PBXCopyFilesBuildPhase section */

/* Begin PBXFileReference section */
		91234BBE1F82DD030063F700 /* Info.plist */ = {isa = PBXFileReference; lastKnownFileType = text.plist.xml; path = Info.plist; sourceTree = "<group>"; };
		91234BC81F82E75E0063F700 /* README.md */ = {isa = PBXFileReference; lastKnownFileType = net.daringfireball.markdown; path = README.md; sourceTree = SOURCE_ROOT; };
		9123766A245B1725000C15DB /* CSR_testTests.xctest */ = {isa = PBXFileReference; explicitFileType = wrapper.cfbundle; includeInIndex = 0; path = CSR_testTests.xctest; sourceTree = BUILT_PRODUCTS_DIR; };
		9123766C245B1725000C15DB /* CSR_testTests.swift */ = {isa = PBXFileReference; lastKnownFileType = sourcecode.swift; path = CSR_testTests.swift; sourceTree = "<group>"; };
		9123766E245B1725000C15DB /* Info.plist */ = {isa = PBXFileReference; lastKnownFileType = text.plist.xml; path = Info.plist; sourceTree = "<group>"; };
		919EAAAC1F7CB28F00D1AE93 /* CSR_test.app */ = {isa = PBXFileReference; explicitFileType = wrapper.application; includeInIndex = 0; path = CSR_test.app; sourceTree = BUILT_PRODUCTS_DIR; };
		919EAAAF1F7CB28F00D1AE93 /* AppDelegate.swift */ = {isa = PBXFileReference; lastKnownFileType = sourcecode.swift; path = AppDelegate.swift; sourceTree = "<group>"; };
		919EAAB11F7CB28F00D1AE93 /* ViewController.swift */ = {isa = PBXFileReference; lastKnownFileType = sourcecode.swift; path = ViewController.swift; sourceTree = "<group>"; };
		919EAAB41F7CB28F00D1AE93 /* Base */ = {isa = PBXFileReference; lastKnownFileType = file.storyboard; name = Base; path = Base.lproj/Main.storyboard; sourceTree = "<group>"; };
		919EAAB61F7CB28F00D1AE93 /* Assets.xcassets */ = {isa = PBXFileReference; lastKnownFileType = folder.assetcatalog; path = Assets.xcassets; sourceTree = "<group>"; };
		919EAAB91F7CB28F00D1AE93 /* Base */ = {isa = PBXFileReference; lastKnownFileType = file.storyboard; name = Base; path = Base.lproj/LaunchScreen.storyboard; sourceTree = "<group>"; };
/* End PBXFileReference section */

/* Begin PBXFrameworksBuildPhase section */
		91237667245B1725000C15DB /* Frameworks */ = {
			isa = PBXFrameworksBuildPhase;
			buildActionMask = 2147483647;
			files = (
			);
			runOnlyForDeploymentPostprocessing = 0;
		};
		919EAAA91F7CB28F00D1AE93 /* Frameworks */ = {
			isa = PBXFrameworksBuildPhase;
			buildActionMask = 2147483647;
			files = (
				91595685245B418000829AF3 /* CertificateSigningRequest in Frameworks */,
			);
			runOnlyForDeploymentPostprocessing = 0;
		};
/* End PBXFrameworksBuildPhase section */

/* Begin PBXGroup section */
		9123766B245B1725000C15DB /* CSR_testTests */ = {
			isa = PBXGroup;
			children = (
				9123766C245B1725000C15DB /* CSR_testTests.swift */,
				9123766E245B1725000C15DB /* Info.plist */,
			);
			path = CSR_testTests;
			sourceTree = "<group>";
		};
		919EAAA31F7CB28F00D1AE93 = {
			isa = PBXGroup;
			children = (
				919EAAAE1F7CB28F00D1AE93 /* CertificateSigningRequestSwift_Test */,
				9123766B245B1725000C15DB /* CSR_testTests */,
				919EAAAD1F7CB28F00D1AE93 /* Products */,
				919EAAC11F7CB2BC00D1AE93 /* Frameworks */,
			);
			sourceTree = "<group>";
		};
		919EAAAD1F7CB28F00D1AE93 /* Products */ = {
			isa = PBXGroup;
			children = (
				919EAAAC1F7CB28F00D1AE93 /* CSR_test.app */,
				9123766A245B1725000C15DB /* CSR_testTests.xctest */,
			);
			name = Products;
			sourceTree = "<group>";
		};
		919EAAAE1F7CB28F00D1AE93 /* CertificateSigningRequestSwift_Test */ = {
			isa = PBXGroup;
			children = (
				91234BC81F82E75E0063F700 /* README.md */,
				919EAAAF1F7CB28F00D1AE93 /* AppDelegate.swift */,
				919EAAB11F7CB28F00D1AE93 /* ViewController.swift */,
				919EAAB31F7CB28F00D1AE93 /* Main.storyboard */,
				919EAAB61F7CB28F00D1AE93 /* Assets.xcassets */,
				919EAAB81F7CB28F00D1AE93 /* LaunchScreen.storyboard */,
				91234BBE1F82DD030063F700 /* Info.plist */,
			);
			path = CertificateSigningRequestSwift_Test;
			sourceTree = "<group>";
		};
		919EAAC11F7CB2BC00D1AE93 /* Frameworks */ = {
			isa = PBXGroup;
			children = (
			);
			name = Frameworks;
			sourceTree = "<group>";
		};
/* End PBXGroup section */

/* Begin PBXNativeTarget section */
		91237669245B1725000C15DB /* CSR_testTests */ = {
			isa = PBXNativeTarget;
			buildConfigurationList = 91237671245B1725000C15DB /* Build configuration list for PBXNativeTarget "CSR_testTests" */;
			buildPhases = (
				91237666245B1725000C15DB /* Sources */,
				91237667245B1725000C15DB /* Frameworks */,
				91237668245B1725000C15DB /* Resources */,
			);
			buildRules = (
			);
			dependencies = (
				91237670245B1725000C15DB /* PBXTargetDependency */,
			);
			name = CSR_testTests;
			packageProductDependencies = (
			);
			productName = CSR_testTests;
			productReference = 9123766A245B1725000C15DB /* CSR_testTests.xctest */;
			productType = "com.apple.product-type.bundle.unit-test";
		};
		919EAAAB1F7CB28F00D1AE93 /* CSR_test */ = {
			isa = PBXNativeTarget;
			buildConfigurationList = 919EAABE1F7CB29000D1AE93 /* Build configuration list for PBXNativeTarget "CSR_test" */;
			buildPhases = (
				919EAAA81F7CB28F00D1AE93 /* Sources */,
				919EAAA91F7CB28F00D1AE93 /* Frameworks */,
				919EAAAA1F7CB28F00D1AE93 /* Resources */,
				919EAACC1F7CB4EF00D1AE93 /* Embed Frameworks */,
			);
			buildRules = (
			);
			dependencies = (
			);
			name = CSR_test;
			packageProductDependencies = (
				91595684245B418000829AF3 /* CertificateSigningRequest */,
			);
			productName = CSR_github;
			productReference = 919EAAAC1F7CB28F00D1AE93 /* CSR_test.app */;
			productType = "com.apple.product-type.application";
		};
/* End PBXNativeTarget section */

/* Begin PBXProject section */
		919EAAA41F7CB28F00D1AE93 /* Project object */ = {
			isa = PBXProject;
			attributes = {
				LastSwiftUpdateCheck = 1140;
				LastUpgradeCheck = 1020;
				ORGANIZATIONNAME = "Corey Baker";
				TargetAttributes = {
					91237669245B1725000C15DB = {
						CreatedOnToolsVersion = 11.4.1;
						ProvisioningStyle = Automatic;
						TestTargetID = 919EAAAB1F7CB28F00D1AE93;
					};
					919EAAAB1F7CB28F00D1AE93 = {
						CreatedOnToolsVersion = 9.0;
						LastSwiftMigration = 1140;
						ProvisioningStyle = Automatic;
					};
				};
			};
			buildConfigurationList = 919EAAA71F7CB28F00D1AE93 /* Build configuration list for PBXProject "CertificateSigningRequestSwift_Test" */;
			compatibilityVersion = "Xcode 8.0";
			developmentRegion = en;
			hasScannedForEncodings = 0;
			knownRegions = (
				en,
				Base,
			);
			mainGroup = 919EAAA31F7CB28F00D1AE93;
			packageReferences = (
				91595683245B418000829AF3 /* XCRemoteSwiftPackageReference "CertificateSigningRequest" */,
			);
			productRefGroup = 919EAAAD1F7CB28F00D1AE93 /* Products */;
			projectDirPath = "";
			projectRoot = "";
			targets = (
				919EAAAB1F7CB28F00D1AE93 /* CSR_test */,
				91237669245B1725000C15DB /* CSR_testTests */,
			);
		};
/* End PBXProject section */

/* Begin PBXResourcesBuildPhase section */
		91237668245B1725000C15DB /* Resources */ = {
			isa = PBXResourcesBuildPhase;
			buildActionMask = 2147483647;
			files = (
			);
			runOnlyForDeploymentPostprocessing = 0;
		};
		919EAAAA1F7CB28F00D1AE93 /* Resources */ = {
			isa = PBXResourcesBuildPhase;
			buildActionMask = 2147483647;
			files = (
				919EAABA1F7CB28F00D1AE93 /* LaunchScreen.storyboard in Resources */,
				919EAAB71F7CB28F00D1AE93 /* Assets.xcassets in Resources */,
				919EAAB51F7CB28F00D1AE93 /* Main.storyboard in Resources */,
			);
			runOnlyForDeploymentPostprocessing = 0;
		};
/* End PBXResourcesBuildPhase section */

/* Begin PBXSourcesBuildPhase section */
		91237666245B1725000C15DB /* Sources */ = {
			isa = PBXSourcesBuildPhase;
			buildActionMask = 2147483647;
			files = (
				9123766D245B1725000C15DB /* CSR_testTests.swift in Sources */,
			);
			runOnlyForDeploymentPostprocessing = 0;
		};
		919EAAA81F7CB28F00D1AE93 /* Sources */ = {
			isa = PBXSourcesBuildPhase;
			buildActionMask = 2147483647;
			files = (
				919EAAB21F7CB28F00D1AE93 /* ViewController.swift in Sources */,
				919EAAB01F7CB28F00D1AE93 /* AppDelegate.swift in Sources */,
			);
			runOnlyForDeploymentPostprocessing = 0;
		};
/* End PBXSourcesBuildPhase section */

/* Begin PBXTargetDependency section */
		91237670245B1725000C15DB /* PBXTargetDependency */ = {
			isa = PBXTargetDependency;
			target = 919EAAAB1F7CB28F00D1AE93 /* CSR_test */;
			targetProxy = 9123766F245B1725000C15DB /* PBXContainerItemProxy */;
		};
/* End PBXTargetDependency section */

/* Begin PBXVariantGroup section */
		919EAAB31F7CB28F00D1AE93 /* Main.storyboard */ = {
			isa = PBXVariantGroup;
			children = (
				919EAAB41F7CB28F00D1AE93 /* Base */,
			);
			name = Main.storyboard;
			sourceTree = "<group>";
		};
		919EAAB81F7CB28F00D1AE93 /* LaunchScreen.storyboard */ = {
			isa = PBXVariantGroup;
			children = (
				919EAAB91F7CB28F00D1AE93 /* Base */,
			);
			name = LaunchScreen.storyboard;
			sourceTree = "<group>";
		};
/* End PBXVariantGroup section */

/* Begin XCBuildConfiguration section */
		91237672245B1725000C15DB /* Debug */ = {
			isa = XCBuildConfiguration;
			buildSettings = {
				BUNDLE_LOADER = "$(TEST_HOST)";
				CLANG_ENABLE_OBJC_WEAK = YES;
				CODE_SIGN_STYLE = Automatic;
				DEVELOPMENT_TEAM = K26KDKYY38;
				FRAMEWORK_SEARCH_PATHS = (
					"$(inherited)",
					"$(PROJECT_DIR)",
				);
				INFOPLIST_FILE = CSR_testTests/Info.plist;
				IPHONEOS_DEPLOYMENT_TARGET = 13.4;
				LD_RUNPATH_SEARCH_PATHS = (
					"$(inherited)",
					"@executable_path/Frameworks",
					"@loader_path/Frameworks",
				);
				MTL_ENABLE_DEBUG_INFO = INCLUDE_SOURCE;
				MTL_FAST_MATH = YES;
				PRODUCT_BUNDLE_IDENTIFIER = "edu.uky.cs.netreconlab.CSR-testTests";
				PRODUCT_NAME = "$(TARGET_NAME)";
				SWIFT_VERSION = 5.0;
				TARGETED_DEVICE_FAMILY = "1,2";
				TEST_HOST = "$(BUILT_PRODUCTS_DIR)/CSR_test.app/CSR_test";
			};
			name = Debug;
		};
		91237673245B1725000C15DB /* Release */ = {
			isa = XCBuildConfiguration;
			buildSettings = {
				BUNDLE_LOADER = "$(TEST_HOST)";
				CLANG_ENABLE_OBJC_WEAK = YES;
				CODE_SIGN_STYLE = Automatic;
				DEVELOPMENT_TEAM = K26KDKYY38;
				FRAMEWORK_SEARCH_PATHS = (
					"$(inherited)",
					"$(PROJECT_DIR)",
				);
				INFOPLIST_FILE = CSR_testTests/Info.plist;
				IPHONEOS_DEPLOYMENT_TARGET = 13.4;
				LD_RUNPATH_SEARCH_PATHS = (
					"$(inherited)",
					"@executable_path/Frameworks",
					"@loader_path/Frameworks",
				);
				MTL_FAST_MATH = YES;
				PRODUCT_BUNDLE_IDENTIFIER = "edu.uky.cs.netreconlab.CSR-testTests";
				PRODUCT_NAME = "$(TARGET_NAME)";
				SWIFT_VERSION = 5.0;
				TARGETED_DEVICE_FAMILY = "1,2";
				TEST_HOST = "$(BUILT_PRODUCTS_DIR)/CSR_test.app/CSR_test";
			};
			name = Release;
		};
		919EAABC1F7CB29000D1AE93 /* Debug */ = {
			isa = XCBuildConfiguration;
			buildSettings = {
				ALWAYS_SEARCH_USER_PATHS = NO;
				CLANG_ANALYZER_NONNULL = YES;
				CLANG_ANALYZER_NUMBER_OBJECT_CONVERSION = YES_AGGRESSIVE;
				CLANG_CXX_LANGUAGE_STANDARD = "gnu++14";
				CLANG_CXX_LIBRARY = "libc++";
				CLANG_ENABLE_MODULES = YES;
				CLANG_ENABLE_OBJC_ARC = YES;
				CLANG_WARN_BLOCK_CAPTURE_AUTORELEASING = YES;
				CLANG_WARN_BOOL_CONVERSION = YES;
				CLANG_WARN_COMMA = YES;
				CLANG_WARN_CONSTANT_CONVERSION = YES;
				CLANG_WARN_DEPRECATED_OBJC_IMPLEMENTATIONS = YES;
				CLANG_WARN_DIRECT_OBJC_ISA_USAGE = YES_ERROR;
				CLANG_WARN_DOCUMENTATION_COMMENTS = YES;
				CLANG_WARN_EMPTY_BODY = YES;
				CLANG_WARN_ENUM_CONVERSION = YES;
				CLANG_WARN_INFINITE_RECURSION = YES;
				CLANG_WARN_INT_CONVERSION = YES;
				CLANG_WARN_NON_LITERAL_NULL_CONVERSION = YES;
				CLANG_WARN_OBJC_IMPLICIT_RETAIN_SELF = YES;
				CLANG_WARN_OBJC_LITERAL_CONVERSION = YES;
				CLANG_WARN_OBJC_ROOT_CLASS = YES_ERROR;
				CLANG_WARN_RANGE_LOOP_ANALYSIS = YES;
				CLANG_WARN_STRICT_PROTOTYPES = YES;
				CLANG_WARN_SUSPICIOUS_MOVE = YES;
				CLANG_WARN_UNGUARDED_AVAILABILITY = YES_AGGRESSIVE;
				CLANG_WARN_UNREACHABLE_CODE = YES;
				CLANG_WARN__DUPLICATE_METHOD_MATCH = YES;
				CODE_SIGN_IDENTITY = "iPhone Developer";
				COPY_PHASE_STRIP = NO;
				DEBUG_INFORMATION_FORMAT = dwarf;
				ENABLE_STRICT_OBJC_MSGSEND = YES;
				ENABLE_TESTABILITY = YES;
				GCC_C_LANGUAGE_STANDARD = gnu11;
				GCC_DYNAMIC_NO_PIC = NO;
				GCC_NO_COMMON_BLOCKS = YES;
				GCC_OPTIMIZATION_LEVEL = 0;
				GCC_PREPROCESSOR_DEFINITIONS = (
					"DEBUG=1",
					"$(inherited)",
				);
				GCC_WARN_64_TO_32_BIT_CONVERSION = YES;
				GCC_WARN_ABOUT_RETURN_TYPE = YES_ERROR;
				GCC_WARN_UNDECLARED_SELECTOR = YES;
				GCC_WARN_UNINITIALIZED_AUTOS = YES_AGGRESSIVE;
				GCC_WARN_UNUSED_FUNCTION = YES;
				GCC_WARN_UNUSED_VARIABLE = YES;
				IPHONEOS_DEPLOYMENT_TARGET = 11.0;
				MTL_ENABLE_DEBUG_INFO = YES;
				ONLY_ACTIVE_ARCH = YES;
				SDKROOT = iphoneos;
				SWIFT_ACTIVE_COMPILATION_CONDITIONS = DEBUG;
				SWIFT_INSTALL_OBJC_HEADER = NO;
				SWIFT_OPTIMIZATION_LEVEL = "-Onone";
			};
			name = Debug;
		};
		919EAABD1F7CB29000D1AE93 /* Release */ = {
			isa = XCBuildConfiguration;
			buildSettings = {
				ALWAYS_SEARCH_USER_PATHS = NO;
				CLANG_ANALYZER_NONNULL = YES;
				CLANG_ANALYZER_NUMBER_OBJECT_CONVERSION = YES_AGGRESSIVE;
				CLANG_CXX_LANGUAGE_STANDARD = "gnu++14";
				CLANG_CXX_LIBRARY = "libc++";
				CLANG_ENABLE_MODULES = YES;
				CLANG_ENABLE_OBJC_ARC = YES;
				CLANG_WARN_BLOCK_CAPTURE_AUTORELEASING = YES;
				CLANG_WARN_BOOL_CONVERSION = YES;
				CLANG_WARN_COMMA = YES;
				CLANG_WARN_CONSTANT_CONVERSION = YES;
				CLANG_WARN_DEPRECATED_OBJC_IMPLEMENTATIONS = YES;
				CLANG_WARN_DIRECT_OBJC_ISA_USAGE = YES_ERROR;
				CLANG_WARN_DOCUMENTATION_COMMENTS = YES;
				CLANG_WARN_EMPTY_BODY = YES;
				CLANG_WARN_ENUM_CONVERSION = YES;
				CLANG_WARN_INFINITE_RECURSION = YES;
				CLANG_WARN_INT_CONVERSION = YES;
				CLANG_WARN_NON_LITERAL_NULL_CONVERSION = YES;
				CLANG_WARN_OBJC_IMPLICIT_RETAIN_SELF = YES;
				CLANG_WARN_OBJC_LITERAL_CONVERSION = YES;
				CLANG_WARN_OBJC_ROOT_CLASS = YES_ERROR;
				CLANG_WARN_RANGE_LOOP_ANALYSIS = YES;
				CLANG_WARN_STRICT_PROTOTYPES = YES;
				CLANG_WARN_SUSPICIOUS_MOVE = YES;
				CLANG_WARN_UNGUARDED_AVAILABILITY = YES_AGGRESSIVE;
				CLANG_WARN_UNREACHABLE_CODE = YES;
				CLANG_WARN__DUPLICATE_METHOD_MATCH = YES;
				CODE_SIGN_IDENTITY = "iPhone Developer";
				COPY_PHASE_STRIP = NO;
				DEBUG_INFORMATION_FORMAT = "dwarf-with-dsym";
				ENABLE_NS_ASSERTIONS = NO;
				ENABLE_STRICT_OBJC_MSGSEND = YES;
				GCC_C_LANGUAGE_STANDARD = gnu11;
				GCC_NO_COMMON_BLOCKS = YES;
				GCC_WARN_64_TO_32_BIT_CONVERSION = YES;
				GCC_WARN_ABOUT_RETURN_TYPE = YES_ERROR;
				GCC_WARN_UNDECLARED_SELECTOR = YES;
				GCC_WARN_UNINITIALIZED_AUTOS = YES_AGGRESSIVE;
				GCC_WARN_UNUSED_FUNCTION = YES;
				GCC_WARN_UNUSED_VARIABLE = YES;
				IPHONEOS_DEPLOYMENT_TARGET = 11.0;
				MTL_ENABLE_DEBUG_INFO = NO;
				SDKROOT = iphoneos;
				SWIFT_COMPILATION_MODE = wholemodule;
				SWIFT_INSTALL_OBJC_HEADER = NO;
				SWIFT_OPTIMIZATION_LEVEL = "-O";
				VALIDATE_PRODUCT = YES;
			};
			name = Release;
		};
		919EAABF1F7CB29000D1AE93 /* Debug */ = {
			isa = XCBuildConfiguration;
			buildSettings = {
				ASSETCATALOG_COMPILER_APPICON_NAME = AppIcon;
				CLANG_ENABLE_MODULES = YES;
				CODE_SIGN_STYLE = Automatic;
				DEVELOPMENT_TEAM = K26KDKYY38;
				FRAMEWORK_SEARCH_PATHS = (
					"$(inherited)",
					"$(PROJECT_DIR)",
				);
				INFOPLIST_FILE = "$(SRCROOT)/CertificateSigningRequestSwift_Test/Info.plist";
				LD_RUNPATH_SEARCH_PATHS = (
					"$(inherited)",
					"@executable_path/Frameworks",
				);
				PRODUCT_BUNDLE_IDENTIFIER = "com.onedegree.CSR-Test";
				PRODUCT_NAME = "$(TARGET_NAME)";
				SWIFT_INSTALL_OBJC_HEADER = NO;
				SWIFT_OBJC_BRIDGING_HEADER = "";
				SWIFT_OPTIMIZATION_LEVEL = "-Onone";
				SWIFT_VERSION = 5.0;
				TARGETED_DEVICE_FAMILY = "1,2";
			};
			name = Debug;
		};
		919EAAC01F7CB29000D1AE93 /* Release */ = {
			isa = XCBuildConfiguration;
			buildSettings = {
				ASSETCATALOG_COMPILER_APPICON_NAME = AppIcon;
				CLANG_ENABLE_MODULES = YES;
				CODE_SIGN_STYLE = Automatic;
				DEVELOPMENT_TEAM = K26KDKYY38;
				FRAMEWORK_SEARCH_PATHS = (
					"$(inherited)",
					"$(PROJECT_DIR)",
				);
				INFOPLIST_FILE = "$(SRCROOT)/CertificateSigningRequestSwift_Test/Info.plist";
				LD_RUNPATH_SEARCH_PATHS = (
					"$(inherited)",
					"@executable_path/Frameworks",
				);
				PRODUCT_BUNDLE_IDENTIFIER = "com.onedegree.CSR-Test";
				PRODUCT_NAME = "$(TARGET_NAME)";
				SWIFT_INSTALL_OBJC_HEADER = NO;
				SWIFT_OBJC_BRIDGING_HEADER = "";
				SWIFT_VERSION = 5.0;
				TARGETED_DEVICE_FAMILY = "1,2";
			};
			name = Release;
		};
/* End XCBuildConfiguration section */

/* Begin XCConfigurationList section */
		91237671245B1725000C15DB /* Build configuration list for PBXNativeTarget "CSR_testTests" */ = {
			isa = XCConfigurationList;
			buildConfigurations = (
				91237672245B1725000C15DB /* Debug */,
				91237673245B1725000C15DB /* Release */,
			);
			defaultConfigurationIsVisible = 0;
			defaultConfigurationName = Release;
		};
		919EAAA71F7CB28F00D1AE93 /* Build configuration list for PBXProject "CertificateSigningRequestSwift_Test" */ = {
			isa = XCConfigurationList;
			buildConfigurations = (
				919EAABC1F7CB29000D1AE93 /* Debug */,
				919EAABD1F7CB29000D1AE93 /* Release */,
			);
			defaultConfigurationIsVisible = 0;
			defaultConfigurationName = Release;
		};
		919EAABE1F7CB29000D1AE93 /* Build configuration list for PBXNativeTarget "CSR_test" */ = {
			isa = XCConfigurationList;
			buildConfigurations = (
				919EAABF1F7CB29000D1AE93 /* Debug */,
				919EAAC01F7CB29000D1AE93 /* Release */,
			);
			defaultConfigurationIsVisible = 0;
			defaultConfigurationName = Release;
		};
/* End XCConfigurationList section */

/* Begin XCRemoteSwiftPackageReference section */
		91595683245B418000829AF3 /* XCRemoteSwiftPackageReference "CertificateSigningRequest" */ = {
			isa = XCRemoteSwiftPackageReference;
			repositoryURL = "https://github.com/cbaker6/CertificateSigningRequest.git";
			requirement = {
				branch = master;
				kind = branch;
			};
		};
/* End XCRemoteSwiftPackageReference section */

/* Begin XCSwiftPackageProductDependency section */
		91595684245B418000829AF3 /* CertificateSigningRequest */ = {
			isa = XCSwiftPackageProductDependency;
			package = 91595683245B418000829AF3 /* XCRemoteSwiftPackageReference "CertificateSigningRequest" */;
			productName = CertificateSigningRequest;
		};
/* End XCSwiftPackageProductDependency section */
	};
	rootObject = 919EAAA41F7CB28F00D1AE93 /* Project object */;
}
