{
  "object": {
    "pins": [
      {
        "package": "CertificateSigningRequest",
        "repositoryURL": "https://github.com/cbaker6/CertificateSigningRequest.git",
        "state": {
          "branch": "master",
          "revision": "0c77ea4cc6cd60043dd077fc61ecb7283d749f6b",
          "version": null
        }
      }
    ]
  },
  "version": 1
}
